Microsoft Visual Studio Solution File, Format Version 12.00
# Visual Studio Version 17
VisualStudioVersion = 17.0.31903.59
MinimumVisualStudioVersion = 10.0.40219.1
Project("{2150E333-8FDC-42A3-9474-1A3956D46DE8}") = "src", "src", "{827E0CD3-B72D-47B6-A68D-7590B98EB39B}"
EndProject
Project("{2150E333-8FDC-42A3-9474-1A3956D46DE8}") = "tests", "tests", "{0AB3BF05-4346-4AA6-1389-037BE0695223}"
EndProject
Project("{FAE04EC0-301F-11D3-BF4B-00C04F79EFBC}") = "Proxima.App", "src\Proxima.App\Proxima.App.csproj", "{A00F0567-B1E6-4E7F-AEED-3517D14CB8AB}"
EndProject
Project("{FAE04EC0-301F-11D3-BF4B-00C04F79EFBC}") = "Proxima.Core", "src\Proxima.Core\Proxima.Core.csproj", "{2DD24D14-8B9E-4A3E-A7B1-5B32508D6C01}"
EndProject
Project("{FAE04EC0-301F-11D3-BF4B-00C04F79EFBC}") = "Proxima.Infrastructure", "src\Proxima.Infrastructure\Proxima.Infrastructure.csproj", "{BDC1A137-67BE-41E0-B3C4-7B40E843D7EF}"
EndProject
Project("{FAE04EC0-301F-11D3-BF4B-00C04F79EFBC}") = "Proxima.Tests", "tests\Proxima.Tests\Proxima.Tests.csproj", "{F42DE5E8-6A7D-4D5E-B5D8-63A5C7A2D720}"
EndProject
Global
	GlobalSection(SolutionConfigurationPlatforms) = preSolution
		Debug|Any CPU = Debug|Any CPU
		Release|Any CPU = Release|Any CPU
	EndGlobalSection
	GlobalSection(ProjectConfigurationPlatforms) = postSolution
		{A00F0567-B1E6-4E7F-AEED-3517D14CB8AB}.Debug|Any CPU.ActiveCfg = Debug|Any CPU
		{A00F0567-B1E6-4E7F-AEED-3517D14CB8AB}.Debug|Any CPU.Build.0 = Debug|Any CPU
		{A00F0567-B1E6-4E7F-AEED-3517D14CB8AB}.Release|Any CPU.ActiveCfg = Release|Any CPU
		{A00F0567-B1E6-4E7F-AEED-3517D14CB8AB}.Release|Any CPU.Build.0 = Release|Any CPU
		{2DD24D14-8B9E-4A3E-A7B1-5B32508D6C01}.Debug|Any CPU.ActiveCfg = Debug|Any CPU
		{2DD24D14-8B9E-4A3E-A7B1-5B32508D6C01}.Debug|Any CPU.Build.0 = Debug|Any CPU
		{2DD24D14-8B9E-4A3E-A7B1-5B32508D6C01}.Release|Any CPU.ActiveCfg = Release|Any CPU
		{2DD24D14-8B9E-4A3E-A7B1-5B32508D6C01}.Release|Any CPU.Build.0 = Release|Any CPU
		{BDC1A137-67BE-41E0-B3C4-7B40E843D7EF}.Debug|Any CPU.ActiveCfg = Debug|Any CPU
		{BDC1A137-67BE-41E0-B3C4-7B40E843D7EF}.Debug|Any CPU.Build.0 = Debug|Any CPU
		{BDC1A137-67BE-41E0-B3C4-7B40E843D7EF}.Release|Any CPU.ActiveCfg = Release|Any CPU
		{BDC1A137-67BE-41E0-B3C4-7B40E843D7EF}.Release|Any CPU.Build.0 = Release|Any CPU
		{F42DE5E8-6A7D-4D5E-B5D8-63A5C7A2D720}.Debug|Any CPU.ActiveCfg = Debug|Any CPU
		{F42DE5E8-6A7D-4D5E-B5D8-63A5C7A2D720}.Debug|Any CPU.Build.0 = Debug|Any CPU
		{F42DE5E8-6A7D-4D5E-B5D8-63A5C7A2D720}.Release|Any CPU.ActiveCfg = Release|Any CPU
		{F42DE5E8-6A7D-4D5E-B5D8-63A5C7A2D720}.Release|Any CPU.Build.0 = Release|Any CPU
	EndGlobalSection
	GlobalSection(SolutionProperties) = preSolution
		HideSolutionNode = FALSE
	EndGlobalSection
	GlobalSection(NestedProjects) = preSolution
		{A00F0567-B1E6-4E7F-AEED-3517D14CB8AB} = {827E0CD3-B72D-47B6-A68D-7590B98EB39B}
		{2DD24D14-8B9E-4A3E-A7B1-5B32508D6C01} = {827E0CD3-B72D-47B6-A68D-7590B98EB39B}
		{BDC1A137-67BE-41E0-B3C4-7B40E843D7EF} = {827E0CD3-B72D-47B6-A68D-7590B98EB39B}
		{F42DE5E8-6A7D-4D5E-B5D8-63A5C7A2D720} = {0AB3BF05-4346-4AA6-1389-037BE0695223}
	EndGlobalSection
EndGlobal
