
Microsoft Visual Studio Solution File, Format Version 12.00
# Visual Studio Version 17
VisualStudioVersion = 17.0.31903.59
MinimumVisualStudioVersion = 10.0.40219.1
Project("{2150E333-8FDC-42A3-9474-1A3956D46DE8}") = "tests", "tests", "{0AB3BF05-4346-4AA6-1389-037BE0695223}"
EndProject
Project("{FAE04EC0-301F-11D3-BF4B-00C04F79EFBC}") = "Proxima.App.Tests", "tests\Proxima.App.Tests\Proxima.App.Tests.csproj", "{A98E6C71-425D-46F5-B29D-C31574DED6D5}"
EndProject
Project("{2150E333-8FDC-42A3-9474-1A3956D46DE8}") = "src", "src", "{827E0CD3-B72D-47B6-A68D-7590B98EB39B}"
EndProject
Project("{FAE04EC0-301F-11D3-BF4B-00C04F79EFBC}") = "Proxima.App", "src\Proxima.App\Proxima.App.csproj", "{A00F0567-B1E6-4E7F-AEED-3517D14CB8AB}"
EndProject
Project("{FAE04EC0-301F-11D3-BF4B-00C04F79EFBC}") = "Proxima.Analytics", "src\Proxima.Analytics\Proxima.Analytics.csproj", "{F7B074F6-99C8-45F7-97C8-F7E5D0AEE164}"
EndProject
Project("{FAE04EC0-301F-11D3-BF4B-00C04F79EFBC}") = "Proxima.Domain", "src\Proxima.Domain\Proxima.Domain.csproj", "{C0A56010-B16F-4C20-A0FE-3AC34B70CDA2}"
EndProject
Project("{FAE04EC0-301F-11D3-BF4B-00C04F79EFBC}") = "Proxima.Application", "src\Proxima.Application\Proxima.Application.csproj", "{1A307188-45C3-41B7-AE80-4E2D18659C12}"
EndProject
Project("{FAE04EC0-301F-11D3-BF4B-00C04F79EFBC}") = "Proxima.Infrastructure", "src\Proxima.Infrastructure\Proxima.Infrastructure.csproj", "{BDC1A137-67BE-41E0-B3C4-7B40E843D7EF}"
EndProject
Project("{FAE04EC0-301F-11D3-BF4B-00C04F79EFBC}") = "Proxima.Importing", "src\Proxima.Importing\Proxima.Importing.csproj", "{72EFC887-9E4D-4B2C-882F-526F60749D2B}"
EndProject
Project("{FAE04EC0-301F-11D3-BF4B-00C04F79EFBC}") = "Proxima.Reporting", "src\Proxima.Reporting\Proxima.Reporting.csproj", "{1CEC6DF5-F869-4CBD-B0E0-81630ABD3EE5}"
EndProject
Project("{FAE04EC0-301F-11D3-BF4B-00C04F79EFBC}") = "Proxima.Sync", "src\Proxima.Sync\Proxima.Sync.csproj", "{C19CD4DD-E9DD-4627-9A0C-0BA878F5211A}"
EndProject
Project("{FAE04EC0-301F-11D3-BF4B-00C04F79EFBC}") = "Proxima.Domain.Tests", "tests\Proxima.Domain.Tests\Proxima.Domain.Tests.csproj", "{B0767854-3FA4-4F37-A234-77A707F2F9C9}"
EndProject
Project("{FAE04EC0-301F-11D3-BF4B-00C04F79EFBC}") = "Proxima.Application.Tests", "tests\Proxima.Application.Tests\Proxima.Application.Tests.csproj", "{04040ADB-7B69-4BA5-9959-B78458BF57BD}"
EndProject
Project("{FAE04EC0-301F-11D3-BF4B-00C04F79EFBC}") = "Proxima.Infrastructure.Tests", "tests\Proxima.Infrastructure.Tests\Proxima.Infrastructure.Tests.csproj", "{A9BD030E-6343-4D92-93F0-2736FD0A9D03}"
EndProject
Project("{FAE04EC0-301F-11D3-BF4B-00C04F79EFBC}") = "Proxima.Analytics.Tests", "tests\Proxima.Analytics.Tests\Proxima.Analytics.Tests.csproj", "{35040A8B-6211-4577-8D3A-0D61EC9ECB0E}"
EndProject
Project("{FAE04EC0-301F-11D3-BF4B-00C04F79EFBC}") = "Proxima.Importing.Tests", "tests\Proxima.Importing.Tests\Proxima.Importing.Tests.csproj", "{8FCBC9CA-144B-4A71-9D61-059FE3E711AF}"
EndProject
Global
	GlobalSection(SolutionConfigurationPlatforms) = preSolution
		Debug|Any CPU = Debug|Any CPU
		Debug|x64 = Debug|x64
		Debug|x86 = Debug|x86
		Release|Any CPU = Release|Any CPU
		Release|x64 = Release|x64
		Release|x86 = Release|x86
	EndGlobalSection
	GlobalSection(ProjectConfigurationPlatforms) = postSolution
		{A98E6C71-425D-46F5-B29D-C31574DED6D5}.Debug|Any CPU.ActiveCfg = Debug|Any CPU
		{A98E6C71-425D-46F5-B29D-C31574DED6D5}.Debug|Any CPU.Build.0 = Debug|Any CPU
		{A98E6C71-425D-46F5-B29D-C31574DED6D5}.Debug|x64.ActiveCfg = Debug|Any CPU
		{A98E6C71-425D-46F5-B29D-C31574DED6D5}.Debug|x64.Build.0 = Debug|Any CPU
		{A98E6C71-425D-46F5-B29D-C31574DED6D5}.Debug|x86.ActiveCfg = Debug|Any CPU
		{A98E6C71-425D-46F5-B29D-C31574DED6D5}.Debug|x86.Build.0 = Debug|Any CPU
		{A98E6C71-425D-46F5-B29D-C31574DED6D5}.Release|Any CPU.ActiveCfg = Release|Any CPU
		{A98E6C71-425D-46F5-B29D-C31574DED6D5}.Release|Any CPU.Build.0 = Release|Any CPU
		{A98E6C71-425D-46F5-B29D-C31574DED6D5}.Release|x64.ActiveCfg = Release|Any CPU
		{A98E6C71-425D-46F5-B29D-C31574DED6D5}.Release|x64.Build.0 = Release|Any CPU
		{A98E6C71-425D-46F5-B29D-C31574DED6D5}.Release|x86.ActiveCfg = Release|Any CPU
		{A98E6C71-425D-46F5-B29D-C31574DED6D5}.Release|x86.Build.0 = Release|Any CPU
		{A00F0567-B1E6-4E7F-AEED-3517D14CB8AB}.Debug|Any CPU.ActiveCfg = Debug|Any CPU
		{A00F0567-B1E6-4E7F-AEED-3517D14CB8AB}.Debug|Any CPU.Build.0 = Debug|Any CPU
		{A00F0567-B1E6-4E7F-AEED-3517D14CB8AB}.Debug|x64.ActiveCfg = Debug|Any CPU
		{A00F0567-B1E6-4E7F-AEED-3517D14CB8AB}.Debug|x64.Build.0 = Debug|Any CPU
		{A00F0567-B1E6-4E7F-AEED-3517D14CB8AB}.Debug|x86.ActiveCfg = Debug|Any CPU
		{A00F0567-B1E6-4E7F-AEED-3517D14CB8AB}.Debug|x86.Build.0 = Debug|Any CPU
		{A00F0567-B1E6-4E7F-AEED-3517D14CB8AB}.Release|Any CPU.ActiveCfg = Release|Any CPU
		{A00F0567-B1E6-4E7F-AEED-3517D14CB8AB}.Release|Any CPU.Build.0 = Release|Any CPU
		{A00F0567-B1E6-4E7F-AEED-3517D14CB8AB}.Release|x64.ActiveCfg = Release|Any CPU
		{A00F0567-B1E6-4E7F-AEED-3517D14CB8AB}.Release|x64.Build.0 = Release|Any CPU
		{A00F0567-B1E6-4E7F-AEED-3517D14CB8AB}.Release|x86.ActiveCfg = Release|Any CPU
		{A00F0567-B1E6-4E7F-AEED-3517D14CB8AB}.Release|x86.Build.0 = Release|Any CPU
		{F7B074F6-99C8-45F7-97C8-F7E5D0AEE164}.Debug|Any CPU.ActiveCfg = Debug|Any CPU
		{F7B074F6-99C8-45F7-97C8-F7E5D0AEE164}.Debug|Any CPU.Build.0 = Debug|Any CPU
		{F7B074F6-99C8-45F7-97C8-F7E5D0AEE164}.Debug|x64.ActiveCfg = Debug|Any CPU
		{F7B074F6-99C8-45F7-97C8-F7E5D0AEE164}.Debug|x64.Build.0 = Debug|Any CPU
		{F7B074F6-99C8-45F7-97C8-F7E5D0AEE164}.Debug|x86.ActiveCfg = Debug|Any CPU
		{F7B074F6-99C8-45F7-97C8-F7E5D0AEE164}.Debug|x86.Build.0 = Debug|Any CPU
		{F7B074F6-99C8-45F7-97C8-F7E5D0AEE164}.Release|Any CPU.ActiveCfg = Release|Any CPU
		{F7B074F6-99C8-45F7-97C8-F7E5D0AEE164}.Release|Any CPU.Build.0 = Release|Any CPU
		{F7B074F6-99C8-45F7-97C8-F7E5D0AEE164}.Release|x64.ActiveCfg = Release|Any CPU
		{F7B074F6-99C8-45F7-97C8-F7E5D0AEE164}.Release|x64.Build.0 = Release|Any CPU
		{F7B074F6-99C8-45F7-97C8-F7E5D0AEE164}.Release|x86.ActiveCfg = Release|Any CPU
		{F7B074F6-99C8-45F7-97C8-F7E5D0AEE164}.Release|x86.Build.0 = Release|Any CPU
		{C0A56010-B16F-4C20-A0FE-3AC34B70CDA2}.Debug|Any CPU.ActiveCfg = Debug|Any CPU
		{C0A56010-B16F-4C20-A0FE-3AC34B70CDA2}.Debug|Any CPU.Build.0 = Debug|Any CPU
		{C0A56010-B16F-4C20-A0FE-3AC34B70CDA2}.Debug|x64.ActiveCfg = Debug|Any CPU
		{C0A56010-B16F-4C20-A0FE-3AC34B70CDA2}.Debug|x64.Build.0 = Debug|Any CPU
		{C0A56010-B16F-4C20-A0FE-3AC34B70CDA2}.Debug|x86.ActiveCfg = Debug|Any CPU
		{C0A56010-B16F-4C20-A0FE-3AC34B70CDA2}.Debug|x86.Build.0 = Debug|Any CPU
		{C0A56010-B16F-4C20-A0FE-3AC34B70CDA2}.Release|Any CPU.ActiveCfg = Release|Any CPU
		{C0A56010-B16F-4C20-A0FE-3AC34B70CDA2}.Release|Any CPU.Build.0 = Release|Any CPU
		{C0A56010-B16F-4C20-A0FE-3AC34B70CDA2}.Release|x64.ActiveCfg = Release|Any CPU
		{C0A56010-B16F-4C20-A0FE-3AC34B70CDA2}.Release|x64.Build.0 = Release|Any CPU
		{C0A56010-B16F-4C20-A0FE-3AC34B70CDA2}.Release|x86.ActiveCfg = Release|Any CPU
		{C0A56010-B16F-4C20-A0FE-3AC34B70CDA2}.Release|x86.Build.0 = Release|Any CPU
		{1A307188-45C3-41B7-AE80-4E2D18659C12}.Debug|Any CPU.ActiveCfg = Debug|Any CPU
		{1A307188-45C3-41B7-AE80-4E2D18659C12}.Debug|Any CPU.Build.0 = Debug|Any CPU
		{1A307188-45C3-41B7-AE80-4E2D18659C12}.Debug|x64.ActiveCfg = Debug|Any CPU
		{1A307188-45C3-41B7-AE80-4E2D18659C12}.Debug|x64.Build.0 = Debug|Any CPU
		{1A307188-45C3-41B7-AE80-4E2D18659C12}.Debug|x86.ActiveCfg = Debug|Any CPU
		{1A307188-45C3-41B7-AE80-4E2D18659C12}.Debug|x86.Build.0 = Debug|Any CPU
		{1A307188-45C3-41B7-AE80-4E2D18659C12}.Release|Any CPU.ActiveCfg = Release|Any CPU
		{1A307188-45C3-41B7-AE80-4E2D18659C12}.Release|Any CPU.Build.0 = Release|Any CPU
		{1A307188-45C3-41B7-AE80-4E2D18659C12}.Release|x64.ActiveCfg = Release|Any CPU
		{1A307188-45C3-41B7-AE80-4E2D18659C12}.Release|x64.Build.0 = Release|Any CPU
		{1A307188-45C3-41B7-AE80-4E2D18659C12}.Release|x86.ActiveCfg = Release|Any CPU
		{1A307188-45C3-41B7-AE80-4E2D18659C12}.Release|x86.Build.0 = Release|Any CPU
		{BDC1A137-67BE-41E0-B3C4-7B40E843D7EF}.Debug|Any CPU.ActiveCfg = Debug|Any CPU
		{BDC1A137-67BE-41E0-B3C4-7B40E843D7EF}.Debug|Any CPU.Build.0 = Debug|Any CPU
		{BDC1A137-67BE-41E0-B3C4-7B40E843D7EF}.Debug|x64.ActiveCfg = Debug|Any CPU
		{BDC1A137-67BE-41E0-B3C4-7B40E843D7EF}.Debug|x64.Build.0 = Debug|Any CPU
		{BDC1A137-67BE-41E0-B3C4-7B40E843D7EF}.Debug|x86.ActiveCfg = Debug|Any CPU
		{BDC1A137-67BE-41E0-B3C4-7B40E843D7EF}.Debug|x86.Build.0 = Debug|Any CPU
		{BDC1A137-67BE-41E0-B3C4-7B40E843D7EF}.Release|Any CPU.ActiveCfg = Release|Any CPU
		{BDC1A137-67BE-41E0-B3C4-7B40E843D7EF}.Release|Any CPU.Build.0 = Release|Any CPU
		{BDC1A137-67BE-41E0-B3C4-7B40E843D7EF}.Release|x64.ActiveCfg = Release|Any CPU
		{BDC1A137-67BE-41E0-B3C4-7B40E843D7EF}.Release|x64.Build.0 = Release|Any CPU
		{BDC1A137-67BE-41E0-B3C4-7B40E843D7EF}.Release|x86.ActiveCfg = Release|Any CPU
		{BDC1A137-67BE-41E0-B3C4-7B40E843D7EF}.Release|x86.Build.0 = Release|Any CPU
		{72EFC887-9E4D-4B2C-882F-526F60749D2B}.Debug|Any CPU.ActiveCfg = Debug|Any CPU
		{72EFC887-9E4D-4B2C-882F-526F60749D2B}.Debug|Any CPU.Build.0 = Debug|Any CPU
		{72EFC887-9E4D-4B2C-882F-526F60749D2B}.Debug|x64.ActiveCfg = Debug|Any CPU
		{72EFC887-9E4D-4B2C-882F-526F60749D2B}.Debug|x64.Build.0 = Debug|Any CPU
		{72EFC887-9E4D-4B2C-882F-526F60749D2B}.Debug|x86.ActiveCfg = Debug|Any CPU
		{72EFC887-9E4D-4B2C-882F-526F60749D2B}.Debug|x86.Build.0 = Debug|Any CPU
		{72EFC887-9E4D-4B2C-882F-526F60749D2B}.Release|Any CPU.ActiveCfg = Release|Any CPU
		{72EFC887-9E4D-4B2C-882F-526F60749D2B}.Release|Any CPU.Build.0 = Release|Any CPU
		{72EFC887-9E4D-4B2C-882F-526F60749D2B}.Release|x64.ActiveCfg = Release|Any CPU
		{72EFC887-9E4D-4B2C-882F-526F60749D2B}.Release|x64.Build.0 = Release|Any CPU
		{72EFC887-9E4D-4B2C-882F-526F60749D2B}.Release|x86.ActiveCfg = Release|Any CPU
		{72EFC887-9E4D-4B2C-882F-526F60749D2B}.Release|x86.Build.0 = Release|Any CPU
		{1CEC6DF5-F869-4CBD-B0E0-81630ABD3EE5}.Debug|Any CPU.ActiveCfg = Debug|Any CPU
		{1CEC6DF5-F869-4CBD-B0E0-81630ABD3EE5}.Debug|Any CPU.Build.0 = Debug|Any CPU
		{1CEC6DF5-F869-4CBD-B0E0-81630ABD3EE5}.Debug|x64.ActiveCfg = Debug|Any CPU
		{1CEC6DF5-F869-4CBD-B0E0-81630ABD3EE5}.Debug|x64.Build.0 = Debug|Any CPU
		{1CEC6DF5-F869-4CBD-B0E0-81630ABD3EE5}.Debug|x86.ActiveCfg = Debug|Any CPU
		{1CEC6DF5-F869-4CBD-B0E0-81630ABD3EE5}.Debug|x86.Build.0 = Debug|Any CPU
		{1CEC6DF5-F869-4CBD-B0E0-81630ABD3EE5}.Release|Any CPU.ActiveCfg = Release|Any CPU
		{1CEC6DF5-F869-4CBD-B0E0-81630ABD3EE5}.Release|Any CPU.Build.0 = Release|Any CPU
		{1CEC6DF5-F869-4CBD-B0E0-81630ABD3EE5}.Release|x64.ActiveCfg = Release|Any CPU
		{1CEC6DF5-F869-4CBD-B0E0-81630ABD3EE5}.Release|x64.Build.0 = Release|Any CPU
		{1CEC6DF5-F869-4CBD-B0E0-81630ABD3EE5}.Release|x86.ActiveCfg = Release|Any CPU
		{1CEC6DF5-F869-4CBD-B0E0-81630ABD3EE5}.Release|x86.Build.0 = Release|Any CPU
		{C19CD4DD-E9DD-4627-9A0C-0BA878F5211A}.Debug|Any CPU.ActiveCfg = Debug|Any CPU
		{C19CD4DD-E9DD-4627-9A0C-0BA878F5211A}.Debug|Any CPU.Build.0 = Debug|Any CPU
		{C19CD4DD-E9DD-4627-9A0C-0BA878F5211A}.Debug|x64.ActiveCfg = Debug|Any CPU
		{C19CD4DD-E9DD-4627-9A0C-0BA878F5211A}.Debug|x64.Build.0 = Debug|Any CPU
		{C19CD4DD-E9DD-4627-9A0C-0BA878F5211A}.Debug|x86.ActiveCfg = Debug|Any CPU
		{C19CD4DD-E9DD-4627-9A0C-0BA878F5211A}.Debug|x86.Build.0 = Debug|Any CPU
		{C19CD4DD-E9DD-4627-9A0C-0BA878F5211A}.Release|Any CPU.ActiveCfg = Release|Any CPU
		{C19CD4DD-E9DD-4627-9A0C-0BA878F5211A}.Release|Any CPU.Build.0 = Release|Any CPU
		{C19CD4DD-E9DD-4627-9A0C-0BA878F5211A}.Release|x64.ActiveCfg = Release|Any CPU
		{C19CD4DD-E9DD-4627-9A0C-0BA878F5211A}.Release|x64.Build.0 = Release|Any CPU
		{C19CD4DD-E9DD-4627-9A0C-0BA878F5211A}.Release|x86.ActiveCfg = Release|Any CPU
		{C19CD4DD-E9DD-4627-9A0C-0BA878F5211A}.Release|x86.Build.0 = Release|Any CPU
		{B0767854-3FA4-4F37-A234-77A707F2F9C9}.Debug|Any CPU.ActiveCfg = Debug|Any CPU
		{B0767854-3FA4-4F37-A234-77A707F2F9C9}.Debug|Any CPU.Build.0 = Debug|Any CPU
		{B0767854-3FA4-4F37-A234-77A707F2F9C9}.Debug|x64.ActiveCfg = Debug|Any CPU
		{B0767854-3FA4-4F37-A234-77A707F2F9C9}.Debug|x64.Build.0 = Debug|Any CPU
		{B0767854-3FA4-4F37-A234-77A707F2F9C9}.Debug|x86.ActiveCfg = Debug|Any CPU
		{B0767854-3FA4-4F37-A234-77A707F2F9C9}.Debug|x86.Build.0 = Debug|Any CPU
		{B0767854-3FA4-4F37-A234-77A707F2F9C9}.Release|Any CPU.ActiveCfg = Release|Any CPU
		{B0767854-3FA4-4F37-A234-77A707F2F9C9}.Release|Any CPU.Build.0 = Release|Any CPU
		{B0767854-3FA4-4F37-A234-77A707F2F9C9}.Release|x64.ActiveCfg = Release|Any CPU
		{B0767854-3FA4-4F37-A234-77A707F2F9C9}.Release|x64.Build.0 = Release|Any CPU
		{B0767854-3FA4-4F37-A234-77A707F2F9C9}.Release|x86.ActiveCfg = Release|Any CPU
		{B0767854-3FA4-4F37-A234-77A707F2F9C9}.Release|x86.Build.0 = Release|Any CPU
		{04040ADB-7B69-4BA5-9959-B78458BF57BD}.Debug|Any CPU.ActiveCfg = Debug|Any CPU
		{04040ADB-7B69-4BA5-9959-B78458BF57BD}.Debug|Any CPU.Build.0 = Debug|Any CPU
		{04040ADB-7B69-4BA5-9959-B78458BF57BD}.Debug|x64.ActiveCfg = Debug|Any CPU
		{04040ADB-7B69-4BA5-9959-B78458BF57BD}.Debug|x64.Build.0 = Debug|Any CPU
		{04040ADB-7B69-4BA5-9959-B78458BF57BD}.Debug|x86.ActiveCfg = Debug|Any CPU
		{04040ADB-7B69-4BA5-9959-B78458BF57BD}.Debug|x86.Build.0 = Debug|Any CPU
		{04040ADB-7B69-4BA5-9959-B78458BF57BD}.Release|Any CPU.ActiveCfg = Release|Any CPU
		{04040ADB-7B69-4BA5-9959-B78458BF57BD}.Release|Any CPU.Build.0 = Release|Any CPU
		{04040ADB-7B69-4BA5-9959-B78458BF57BD}.Release|x64.ActiveCfg = Release|Any CPU
		{04040ADB-7B69-4BA5-9959-B78458BF57BD}.Release|x64.Build.0 = Release|Any CPU
		{04040ADB-7B69-4BA5-9959-B78458BF57BD}.Release|x86.ActiveCfg = Release|Any CPU
		{04040ADB-7B69-4BA5-9959-B78458BF57BD}.Release|x86.Build.0 = Release|Any CPU
		{A9BD030E-6343-4D92-93F0-2736FD0A9D03}.Debug|Any CPU.ActiveCfg = Debug|Any CPU
		{A9BD030E-6343-4D92-93F0-2736FD0A9D03}.Debug|Any CPU.Build.0 = Debug|Any CPU
		{A9BD030E-6343-4D92-93F0-2736FD0A9D03}.Debug|x64.ActiveCfg = Debug|Any CPU
		{A9BD030E-6343-4D92-93F0-2736FD0A9D03}.Debug|x64.Build.0 = Debug|Any CPU
		{A9BD030E-6343-4D92-93F0-2736FD0A9D03}.Debug|x86.ActiveCfg = Debug|Any CPU
		{A9BD030E-6343-4D92-93F0-2736FD0A9D03}.Debug|x86.Build.0 = Debug|Any CPU
		{A9BD030E-6343-4D92-93F0-2736FD0A9D03}.Release|Any CPU.ActiveCfg = Release|Any CPU
		{A9BD030E-6343-4D92-93F0-2736FD0A9D03}.Release|Any CPU.Build.0 = Release|Any CPU
		{A9BD030E-6343-4D92-93F0-2736FD0A9D03}.Release|x64.ActiveCfg = Release|Any CPU
		{A9BD030E-6343-4D92-93F0-2736FD0A9D03}.Release|x64.Build.0 = Release|Any CPU
		{A9BD030E-6343-4D92-93F0-2736FD0A9D03}.Release|x86.ActiveCfg = Release|Any CPU
		{A9BD030E-6343-4D92-93F0-2736FD0A9D03}.Release|x86.Build.0 = Release|Any CPU
		{35040A8B-6211-4577-8D3A-0D61EC9ECB0E}.Debug|Any CPU.ActiveCfg = Debug|Any CPU
		{35040A8B-6211-4577-8D3A-0D61EC9ECB0E}.Debug|Any CPU.Build.0 = Debug|Any CPU
		{35040A8B-6211-4577-8D3A-0D61EC9ECB0E}.Debug|x64.ActiveCfg = Debug|Any CPU
		{35040A8B-6211-4577-8D3A-0D61EC9ECB0E}.Debug|x64.Build.0 = Debug|Any CPU
		{35040A8B-6211-4577-8D3A-0D61EC9ECB0E}.Debug|x86.ActiveCfg = Debug|Any CPU
		{35040A8B-6211-4577-8D3A-0D61EC9ECB0E}.Debug|x86.Build.0 = Debug|Any CPU
		{35040A8B-6211-4577-8D3A-0D61EC9ECB0E}.Release|Any CPU.ActiveCfg = Release|Any CPU
		{35040A8B-6211-4577-8D3A-0D61EC9ECB0E}.Release|Any CPU.Build.0 = Release|Any CPU
		{35040A8B-6211-4577-8D3A-0D61EC9ECB0E}.Release|x64.ActiveCfg = Release|Any CPU
		{35040A8B-6211-4577-8D3A-0D61EC9ECB0E}.Release|x64.Build.0 = Release|Any CPU
		{35040A8B-6211-4577-8D3A-0D61EC9ECB0E}.Release|x86.ActiveCfg = Release|Any CPU
		{35040A8B-6211-4577-8D3A-0D61EC9ECB0E}.Release|x86.Build.0 = Release|Any CPU
		{8FCBC9CA-144B-4A71-9D61-059FE3E711AF}.Debug|Any CPU.ActiveCfg = Debug|Any CPU
		{8FCBC9CA-144B-4A71-9D61-059FE3E711AF}.Debug|Any CPU.Build.0 = Debug|Any CPU
		{8FCBC9CA-144B-4A71-9D61-059FE3E711AF}.Debug|x64.ActiveCfg = Debug|Any CPU
		{8FCBC9CA-144B-4A71-9D61-059FE3E711AF}.Debug|x64.Build.0 = Debug|Any CPU
		{8FCBC9CA-144B-4A71-9D61-059FE3E711AF}.Debug|x86.ActiveCfg = Debug|Any CPU
		{8FCBC9CA-144B-4A71-9D61-059FE3E711AF}.Debug|x86.Build.0 = Debug|Any CPU
		{8FCBC9CA-144B-4A71-9D61-059FE3E711AF}.Release|Any CPU.ActiveCfg = Release|Any CPU
		{8FCBC9CA-144B-4A71-9D61-059FE3E711AF}.Release|Any CPU.Build.0 = Release|Any CPU
		{8FCBC9CA-144B-4A71-9D61-059FE3E711AF}.Release|x64.ActiveCfg = Release|Any CPU
		{8FCBC9CA-144B-4A71-9D61-059FE3E711AF}.Release|x64.Build.0 = Release|Any CPU
		{8FCBC9CA-144B-4A71-9D61-059FE3E711AF}.Release|x86.ActiveCfg = Release|Any CPU
		{8FCBC9CA-144B-4A71-9D61-059FE3E711AF}.Release|x86.Build.0 = Release|Any CPU
	EndGlobalSection
	GlobalSection(SolutionProperties) = preSolution
		HideSolutionNode = FALSE
	EndGlobalSection
	GlobalSection(NestedProjects) = preSolution
		{A98E6C71-425D-46F5-B29D-C31574DED6D5} = {0AB3BF05-4346-4AA6-1389-037BE0695223}
		{A00F0567-B1E6-4E7F-AEED-3517D14CB8AB} = {827E0CD3-B72D-47B6-A68D-7590B98EB39B}
		{F7B074F6-99C8-45F7-97C8-F7E5D0AEE164} = {827E0CD3-B72D-47B6-A68D-7590B98EB39B}
		{C0A56010-B16F-4C20-A0FE-3AC34B70CDA2} = {827E0CD3-B72D-47B6-A68D-7590B98EB39B}
		{1A307188-45C3-41B7-AE80-4E2D18659C12} = {827E0CD3-B72D-47B6-A68D-7590B98EB39B}
		{BDC1A137-67BE-41E0-B3C4-7B40E843D7EF} = {827E0CD3-B72D-47B6-A68D-7590B98EB39B}
		{72EFC887-9E4D-4B2C-882F-526F60749D2B} = {827E0CD3-B72D-47B6-A68D-7590B98EB39B}
		{1CEC6DF5-F869-4CBD-B0E0-81630ABD3EE5} = {827E0CD3-B72D-47B6-A68D-7590B98EB39B}
		{C19CD4DD-E9DD-4627-9A0C-0BA878F5211A} = {827E0CD3-B72D-47B6-A68D-7590B98EB39B}
		{B0767854-3FA4-4F37-A234-77A707F2F9C9} = {0AB3BF05-4346-4AA6-1389-037BE0695223}
		{04040ADB-7B69-4BA5-9959-B78458BF57BD} = {0AB3BF05-4346-4AA6-1389-037BE0695223}
		{A9BD030E-6343-4D92-93F0-2736FD0A9D03} = {0AB3BF05-4346-4AA6-1389-037BE0695223}
		{35040A8B-6211-4577-8D3A-0D61EC9ECB0E} = {0AB3BF05-4346-4AA6-1389-037BE0695223}
		{8FCBC9CA-144B-4A71-9D61-059FE3E711AF} = {0AB3BF05-4346-4AA6-1389-037BE0695223}
	EndGlobalSection
EndGlobal
